
Microsoft Visual Studio Solution File, Format Version 12.00
# Visual Studio 14
VisualStudioVersion = 14.0.25420.1
MinimumVisualStudioVersion = 10.0.40219.1
Project("{FAE04EC0-301F-11D3-BF4B-00C04F79EFBC}") = "AlgoritmoPathFinding", "AlgoritmoPathFinding\AlgoritmoPathFinding.csproj", "{9509A04D-5F41-403A-8570-1F072250F416}"
EndProject
Global
	GlobalSection(SolutionConfigurationPlatforms) = preSolution
		Debug|Any CPU = Debug|Any CPU
		Release|Any CPU = Release|Any CPU
	EndGlobalSection
	GlobalSection(ProjectConfigurationPlatforms) = postSolution
		{9509A04D-5F41-403A-8570-1F072250F416}.Debug|Any CPU.ActiveCfg = Debug|Any CPU
		{9509A04D-5F41-403A-8570-1F072250F416}.Debug|Any CPU.Build.0 = Debug|Any CPU
		{9509A04D-5F41-403A-8570-1F072250F416}.Release|Any CPU.ActiveCfg = Release|Any CPU
		{9509A04D-5F41-403A-8570-1F072250F416}.Release|Any CPU.Build.0 = Release|Any CPU
	EndGlobalSection
	GlobalSection(SolutionProperties) = preSolution
		HideSolutionNode = FALSE
	EndGlobalSection
EndGlobal
